<Project xmlns="http://schemas.microsoft.com/developer/msbuild/2003">
    <PropertyGroup>
        <ProjectGuid>{7289ED7A-0E67-4D3D-908D-E7F4A44B45A3}</ProjectGuid>
        <ProjectVersion>18.1</ProjectVersion>
        <FrameworkType>VCL</FrameworkType>
        <MainSource>ControleBrinquedoteca.dpr</MainSource>
        <Base>True</Base>
        <Config Condition="'$(Config)'==''">Debug</Config>
        <Platform Condition="'$(Platform)'==''">Win32</Platform>
        <TargetedPlatforms>1</TargetedPlatforms>
        <AppType>Application</AppType>
    </PropertyGroup>
    <PropertyGroup Condition="'$(Config)'=='Base' or '$(Base)'!=''">
        <Base>true</Base>
    </PropertyGroup>
    <PropertyGroup Condition="('$(Platform)'=='Win32' and '$(Base)'=='true') or '$(Base_Win32)'!=''">
        <Base_Win32>true</Base_Win32>
        <CfgParent>Base</CfgParent>
        <Base>true</Base>
    </PropertyGroup>
    <PropertyGroup Condition="('$(Platform)'=='Win64' and '$(Base)'=='true') or '$(Base_Win64)'!=''">
        <Base_Win64>true</Base_Win64>
        <CfgParent>Base</CfgParent>
        <Base>true</Base>
    </PropertyGroup>
    <PropertyGroup Condition="'$(Config)'=='Debug' or '$(Cfg_1)'!=''">
        <Cfg_1>true</Cfg_1>
        <CfgParent>Base</CfgParent>
        <Base>true</Base>
    </PropertyGroup>
    <PropertyGroup Condition="('$(Platform)'=='Win32' and '$(Cfg_1)'=='true') or '$(Cfg_1_Win32)'!=''">
        <Cfg_1_Win32>true</Cfg_1_Win32>
        <CfgParent>Cfg_1</CfgParent>
        <Cfg_1>true</Cfg_1>
        <Base>true</Base>
    </PropertyGroup>
    <PropertyGroup Condition="'$(Config)'=='Release' or '$(Cfg_2)'!=''">
        <Cfg_2>true</Cfg_2>
        <CfgParent>Base</CfgParent>
        <Base>true</Base>
    </PropertyGroup>
    <PropertyGroup Condition="('$(Platform)'=='Win32' and '$(Cfg_2)'=='true') or '$(Cfg_2_Win32)'!=''">
        <Cfg_2_Win32>true</Cfg_2_Win32>
        <CfgParent>Cfg_2</CfgParent>
        <Cfg_2>true</Cfg_2>
        <Base>true</Base>
    </PropertyGroup>
    <PropertyGroup Condition="'$(Base)'!=''">
        <VerInfo_Build>1</VerInfo_Build>
        <VerInfo_IncludeVerInfo>true</VerInfo_IncludeVerInfo>
        <VerInfo_Keys>CompanyName=Brinquedão;FileDescription=Sistema brinquedao;FileVersion=1.0.0.1;InternalName=WLickBrinquedao;LegalCopyright=WebLick.com.br;LegalTrademarks=;OriginalFilename=;ProductName=;ProductVersion=1.0.0.0;Comments=</VerInfo_Keys>
        <VerInfo_Locale>1046</VerInfo_Locale>
        <Icon_MainIcon>$(BDS)\bin\delphi_PROJECTICON.ico</Icon_MainIcon>
        <SanitizedProjectName>ControleBrinquedoteca</SanitizedProjectName>
        <DCC_Namespace>System;Xml;Data;Datasnap;Web;Soap;Vcl;Vcl.Imaging;Vcl.Touch;Vcl.Samples;Vcl.Shell;$(DCC_Namespace)</DCC_Namespace>
        <DCC_DcuOutput>C:\Weblick\Brinquedao\DCU</DCC_DcuOutput>
        <DCC_ExeOutput>C:\Weblick\Brinquedao</DCC_ExeOutput>
        <DCC_E>false</DCC_E>
        <DCC_N>false</DCC_N>
        <DCC_S>false</DCC_S>
        <DCC_F>false</DCC_F>
        <DCC_K>false</DCC_K>
    </PropertyGroup>
    <PropertyGroup Condition="'$(Base_Win32)'!=''">
        <Manifest_File>(None)</Manifest_File>
        <VerInfo_Keys>CompanyName=Brinquedão;FileDescription=Sistema brinquedao;FileVersion=1.0.0.1;InternalName=WLickBrinquedao;LegalCopyright=WebLick.com.br;LegalTrademarks=;OriginalFilename=;ProductName=;ProductVersion=1.0.0.0;Comments=</VerInfo_Keys>
        <VerInfo_Locale>1046</VerInfo_Locale>
        <SanitizedProjectName>WLickBrinquedao</SanitizedProjectName>
        <DCC_DcuOutput>C:\Weblick\Brinquedao\DCU</DCC_DcuOutput>
        <DCC_ExeOutput>C:\Weblick\Brinquedao</DCC_ExeOutput>
        <DCC_E>false</DCC_E>
        <DCC_N>false</DCC_N>
        <DCC_S>false</DCC_S>
        <DCC_F>false</DCC_F>
        <DCC_K>false</DCC_K>
    </PropertyGroup>
    <PropertyGroup Condition="'$(Base_Win64)'!=''">
        <DCC_UsePackage>DBXSqliteDriver;dxSkinBlueprintRS24;DBXDb2Driver;dxPSDBTeeChartRS24;dxPSdxGaugeControlLnkRS24;vclactnband;dxSpreadSheetRS24;vclFireDAC;dxDockingRS24;tethering;dxSkinVisualStudio2013BlueRS24;dxPScxTLLnkRS24;dxBarExtItemsRS24;FireDACADSDriver;dxFireDACServerModeRS24;dxPSTeeChartRS24;dxSkinOffice2007BlackRS24;FireDACMSSQLDriver;vcltouch;vcldb;Intraweb;dxSkinXmas2008BlueRS24;dxSkinscxSchedulerPainterRS24;dxSkinsdxBarPainterRS24;dxSkinOffice2010BlackRS24;dxADOServerModeRS24;dxGDIPlusRS24;dxPSdxDBTVLnkRS24;vclib;dxSkinLilianRS24;FireDACDBXDriver;dxNavBarRS24;vclx;cxTreeListRS24;dxSkinDevExpressDarkStyleRS24;dxtrmdRS24;RESTBackendComponents;dxRibbonRS24;VCLRESTComponents;cxExportRS24;cxPivotGridChartRS24;cxTreeListdxBarPopupMenuRS24;dxSkinOffice2013LightGrayRS24;dxTabbedMDIRS24;vclie;dxSkinVisualStudio2013LightRS24;bindengine;CloudService;FireDACMySQLDriver;cxPivotGridOLAPRS24;dxSkinSharpRS24;dxSkinBlackRS24;DataSnapClient;dxPSLnksRS24;bindcompdbx;dxSkinCoffeeRS24;DBXSybaseASEDriver;IndyIPServer;dxSkinsdxRibbonPainterRS24;dxCoreRS24;IndySystem;dxSkinOffice2013DarkGrayRS24;dsnapcon;FireDACMSAccDriver;fmxFireDAC;FireDACInfxDriver;vclimg;emshosting;dxBarDBNavRS24;dxSkinDarkSideRS24;dxSkinOffice2013WhiteRS24;DBXOdbcDriver;FireDACTDataDriver;FMXTee;dxPScxExtCommonRS24;dxPSdxLCLnkRS24;soaprtl;DbxCommonDriver;dxPScxPivotGridLnkRS24;xmlrtl;soapmidas;DataSnapNativeClient;fmxobj;dxSkinMcSkinRS24;rtl;dxLayoutControlRS24;DbxClientDriver;cxGridRS24;DBXSybaseASADriver;dxSkinBlueRS24;dxSpellCheckerRS24;cxLibraryRS24;dxSkinStardustRS24;dxSkinCaramelRS24;appanalytics;dxSkinsCoreRS24;dxDBXServerModeRS24;dxMapControlRS24;IndyIPClient;dxSkinHighContrastRS24;bindcompvcl;dxSkinTheAsphaltWorldRS24;TeeUI;cxPageControlRS24;cxEditorsRS24;dxPsPrVwAdvRS24;dxSkinSevenClassicRS24;VclSmp;cxSchedulerRibbonStyleEventEditorRS24;FireDACODBCDriver;dxSkinPumpkinRS24;DataSnapIndy10ServerTransport;dxSkinscxPCPainterRS24;dxPSPrVwRibbonRS24;DataSnapProviderClient;FireDACMongoDBDriver;dxSkinSevenRS24;dxdborRS24;dxmdsRS24;DataSnapServerMidas;RESTComponents;cxSchedulerGridRS24;dxHttpIndyRequestRS24;cxPivotGridRS24;DBXInterBaseDriver;emsclientfiredac;DataSnapFireDAC;dxdbtrRS24;dxSkinMetropolisRS24;dxSkinMoneyTwinsRS24;dxPScxPCProdRS24;DBXMSSQLDriver;DatasnapConnectorsFreePascal;dxWizardControlRS24;bindcompfmx;dxPSdxOCLnkRS24;dxBarExtDBItemsRS24;DBXOracleDriver;dxPSdxFCLnkRS24;inetdb;cxSchedulerTreeBrowserRS24;dxSkinOffice2016ColorfulRS24;FmxTeeUI;emsedge;FireDACIBDriver;fmx;fmxdae;dxSkinSpringTimeRS24;dxSkinValentineRS24;dxSkinLondonLiquidSkyRS24;dxSkinWhiteprintRS24;dbexpress;IndyCore;dxSkiniMaginaryRS24;dxTileControlRS24;dxSkinOffice2016DarkRS24;dsnap;DataSnapCommon;emsclient;cxDataRS24;FireDACCommon;dxSkinOffice2007PinkRS24;dxPSdxSpreadSheetLnkRS24;DataSnapConnectors;dxSkinDevExpressStyleRS24;soapserver;dxBarRS24;dxSkinMetropolisDarkRS24;FireDACOracleDriver;DBXMySQLDriver;dxPSRichEditControlLnkRS24;DBXFirebirdDriver;dxPScxCommonRS24;FireDACCommonODBC;FireDACCommonDriver;inet;IndyIPCommon;dxSkinVS2010RS24;vcl;dxSkinSharpPlusRS24;dxPSdxDBOCLnkRS24;FireDACDb2Driver;dxThemeRS24;dxSkinOffice2007GreenRS24;TeeDB;FireDAC;dxPScxGridLnkRS24;dxPScxVGridLnkRS24;FireDACSqliteDriver;FireDACPgDriver;ibmonitor;FireDACASADriver;dxSkinOffice2010BlueRS24;dxServerModeRS24;ibxpress;Tee;DataSnapServer;ibxbindings;cxSchedulerRS24;vclwinx;FireDACDSDriver;dxSkinsdxDLPainterRS24;dxPSCoreRS24;dxSkinOffice2007BlueRS24;CustomIPTransport;vcldsnap;dxSkinGlassOceansRS24;dxRibbonCustomizationFormRS24;dxPScxSchedulerLnkRS24;dxSkinSummer2008RS24;dxSkinDarkRoomRS24;bindcomp;dxSkinFoggyRS24;DBXInformixDriver;dxorgcRS24;dxSkinOffice2010SilverRS24;dxRichEditControlRS24;dxSkinsdxNavBarPainterRS24;dbxcds;adortl;dxSkinSilverRS24;dxSkinVisualStudio2013DarkRS24;dxComnRS24;cxVerticalGridRS24;dxFlowChartRS24;dsnapxml;dbrtl;inetdbxpress;IndyProtocols;dxGaugeControlRS24;dxSkinOffice2007SilverRS24;dxSkinLiquidSkyRS24;fmxase;$(DCC_UsePackage)</DCC_UsePackage>
    </PropertyGroup>
    <PropertyGroup Condition="'$(Cfg_1)'!=''">
        <Icon_MainIcon>$(BDS)\bin\delphi_PROJECTICON.ico</Icon_MainIcon>
        <SanitizedProjectName>WLickBrinquedao</SanitizedProjectName>
        <DCC_DcuOutput>C:\Weblick\Brinquedao\DCU</DCC_DcuOutput>
        <DCC_ExeOutput>C:\Weblick\Brinquedao</DCC_ExeOutput>
        <DCC_E>false</DCC_E>
        <DCC_N>false</DCC_N>
        <DCC_S>false</DCC_S>
        <DCC_F>false</DCC_F>
        <DCC_K>false</DCC_K>
    </PropertyGroup>
    <PropertyGroup Condition="'$(Cfg_1_Win32)'!=''">
        <VerInfo_Keys>CompanyName=Brinquedão;FileDescription=Sistema brinquedao;FileVersion=1.0.0.8;InternalName=WLickBrinquedao;LegalCopyright=WebLick.com.br;LegalTrademarks=;OriginalFilename=;ProductName=;ProductVersion=1.0.0.0;Comments=</VerInfo_Keys>
        <VerInfo_Build>8</VerInfo_Build>
        <Icon_MainIcon>WLickBrinquedao_Icon1.ico</Icon_MainIcon>
        <AppEnableHighDPI>true</AppEnableHighDPI>
        <AppEnableRuntimeThemes>true</AppEnableRuntimeThemes>
        <SanitizedProjectName>WLickBrinquedao</SanitizedProjectName>
        <DCC_DcuOutput>C:\Weblick\Brinquedao\DCU</DCC_DcuOutput>
        <DCC_ExeOutput>C:\Weblick\Brinquedao</DCC_ExeOutput>
        <DCC_E>false</DCC_E>
        <DCC_N>false</DCC_N>
        <DCC_S>false</DCC_S>
        <DCC_F>false</DCC_F>
        <DCC_K>false</DCC_K>
    </PropertyGroup>
    <PropertyGroup Condition="'$(Cfg_2)'!=''">
        <Icon_MainIcon>$(BDS)\bin\delphi_PROJECTICON.ico</Icon_MainIcon>
        <SanitizedProjectName>WLickBrinquedao</SanitizedProjectName>
        <DCC_DcuOutput>C:\Weblick\Brinquedao\DCU</DCC_DcuOutput>
        <DCC_ExeOutput>C:\Weblick\Brinquedao</DCC_ExeOutput>
        <DCC_E>false</DCC_E>
        <DCC_N>false</DCC_N>
        <DCC_S>false</DCC_S>
        <DCC_F>false</DCC_F>
        <DCC_K>false</DCC_K>
    </PropertyGroup>
    <PropertyGroup Condition="'$(Cfg_2_Win32)'!=''">
        <AppEnableHighDPI>true</AppEnableHighDPI>
        <AppEnableRuntimeThemes>true</AppEnableRuntimeThemes>
        <SanitizedProjectName>WLickBrinquedao</SanitizedProjectName>
        <DCC_DcuOutput>C:\Weblick\Brinquedao\DCU</DCC_DcuOutput>
        <DCC_ExeOutput>C:\Weblick\Brinquedao</DCC_ExeOutput>
        <DCC_E>false</DCC_E>
        <DCC_N>false</DCC_N>
        <DCC_S>false</DCC_S>
        <DCC_F>false</DCC_F>
        <DCC_K>false</DCC_K>
    </PropertyGroup>
    <Import Project="..\..\..\..\..\..\..\Desktop\1.optset" Condition="'$(Base_Win32)'!='' And Exists('..\..\..\..\..\..\..\Desktop\1.optset')"/>
    <ItemGroup>
        <DelphiCompile Include="$(MainSource)">
            <MainSource>MainSource</MainSource>
        </DelphiCompile>
        <DCCReference Include="..\..\WlickORM\connection\DMConnection.pas">
            <Form>DModule</Form>
            <DesignClass>TDataModule</DesignClass>
        </DCCReference>
        <DCCReference Include="..\mvc\controllers\controller.Usuarios.pas"/>
        <DCCReference Include="..\mvc\daos\dao.Usuarios.pas"/>
        <DCCReference Include="..\mvc\dto\dto.Usuarios.pas"/>
        <DCCReference Include="..\mvc\mappers\mapper.Usuarios.pas"/>
        <DCCReference Include="..\mvc\models\model.Usuarios.pas"/>
        <DCCReference Include="..\mvc\views\browser.Usuario.pas"/>
        <DCCReference Include="..\mvc\views\ficha.Usuario.pas"/>
        <DCCReference Include="..\mvc\views\frame.Usuario.pas">
            <Form>frameUsuario</Form>
            <DesignClass>TFrame</DesignClass>
        </DCCReference>
        <DCCReference Include="..\const\WLick.ClassHelper.pas"/>
        <DCCReference Include="..\const\WLick.Constantes.pas"/>
        <DCCReference Include="..\const\WLick.ConstrutorSQL.pas"/>
        <DCCReference Include="..\const\WLick.Miscelania.pas"/>
        <DCCReference Include="..\const\WLick.Types.pas"/>
        <DCCReference Include="..\views\viewErrorForm.pas">
            <Form>viewErro</Form>
        </DCCReference>
        <DCCReference Include="..\views\viewMainForm.pas">
            <Form>frmMain</Form>
        </DCCReference>
        <DCCReference Include="..\views\viewLoginForm.pas">
            <Form>frmLogin</Form>
        </DCCReference>
        <DCCReference Include="..\..\WlickORM\bases\assembler\ORM.assemblerBase.pas"/>
        <DCCReference Include="..\..\WlickORM\bases\browser\ORM.browserBase.pas">
            <Form>ORMBrowserBase</Form>
        </DCCReference>
        <DCCReference Include="..\..\WlickORM\bases\controller\ORM.controllerBase.pas"/>
        <DCCReference Include="..\..\WlickORM\bases\dao\ORM.daoBase.pas"/>
        <DCCReference Include="..\..\WlickORM\bases\dto\ORM.dtoBase.pas"/>
        <DCCReference Include="..\..\WlickORM\bases\ficha\ORM.fichaBase.pas">
            <Form>ORMfichaBase</Form>
        </DCCReference>
        <DCCReference Include="..\..\WlickORM\bases\model\ORM.modelBase.pas"/>
        <DCCReference Include="..\..\WlickORM\bases\ORM.attributes.pas"/>
        <DCCReference Include="..\..\WlickORM\bases\ORM.ViewManager.pas"/>
        <DCCReference Include="..\..\WlickORM\connection\ORM.Connection.pas"/>
        <DCCReference Include="..\mvc\assembler\assembler.Usuarios.pas"/>
        <DCCReference Include="..\..\WlickORM\images\ORM.images.pas">
            <Form>DImages</Form>
            <DesignClass>TDataModule</DesignClass>
        </DCCReference>
        <DCCReference Include="..\units\WLick.InitSistema.pas"/>
        <DCCReference Include="..\units\WLick.Sessao.pas"/>
        <DCCReference Include="..\views\viewAtividadesPrincipal.pas">
            <Form>frmAtividades</Form>
            <FormType>dfm</FormType>
        </DCCReference>
        <DCCReference Include="..\img\brinquedao.Images.pas">
            <Form>DMImageBrinquedao</Form>
            <FormType>dfm</FormType>
            <DesignClass>TDataModule</DesignClass>
        </DCCReference>
        <DCCReference Include="..\mvc\assembler\assembler.ValorTempo.pas"/>
        <DCCReference Include="..\mvc\daos\dao.ValorTempo.pas"/>
        <DCCReference Include="..\mvc\controllers\controller.ValorTempo.pas"/>
        <DCCReference Include="..\mvc\dto\dto.ValorTempo.pas"/>
        <DCCReference Include="..\mvc\models\model.ValorTempo.pas"/>
        <DCCReference Include="..\mvc\mappers\mapper.ValorTempo.pas"/>
        <DCCReference Include="..\mvc\views\ficha.ValorTempo.pas"/>
        <DCCReference Include="..\mvc\views\frame.ValorTempo.pas">
            <Form>frameValorTempo</Form>
            <FormType>dfm</FormType>
            <DesignClass>TFrame</DesignClass>
        </DCCReference>
        <DCCReference Include="..\mvc\views\browser.ValorTempo.pas"/>
        <DCCReference Include="..\mvc\views\ficha.Atividades.pas"/>
        <DCCReference Include="..\mvc\daos\dao.Atividades.pas"/>
        <DCCReference Include="..\mvc\controllers\controller.Atividades.pas"/>
        <DCCReference Include="..\mvc\assembler\assembler.Atividades.pas"/>
        <DCCReference Include="..\mvc\dto\dto.Atividades.pas"/>
        <DCCReference Include="..\mvc\mappers\mapper.Atividades.pas"/>
        <DCCReference Include="..\mvc\models\model.Atividades.pas"/>
        <DCCReference Include="..\mvc\views\frame.Atividades.pas">
            <Form>frameAtividades</Form>
            <FormType>dfm</FormType>
            <DesignClass>TFrame</DesignClass>
        </DCCReference>
        <DCCReference Include="..\mvc\enum\enum.Atividades.Situacao.pas"/>
        <DCCReference Include="..\mvc\assembler\assembler.Configuracoes.pas"/>
        <DCCReference Include="..\mvc\models\model.Configuracoes.pas"/>
        <DCCReference Include="..\mvc\mappers\mapper.Configuracoes.pas"/>
        <DCCReference Include="..\mvc\views\frame.Configuracoes.pas">
            <Form>frameConfiguracoes</Form>
            <FormType>dfm</FormType>
            <DesignClass>TFrame</DesignClass>
        </DCCReference>
        <DCCReference Include="..\mvc\daos\dao.Configuracoes.pas"/>
        <DCCReference Include="..\mvc\views\ficha.Configuracoes.pas"/>
        <DCCReference Include="..\mvc\controllers\controller.Configuracoes.pas"/>
        <DCCReference Include="..\mvc\dto\dto.Configuracoes.pas"/>
        <DCCReference Include="..\mvc\enum\enum.Configuracoes.pas"/>
        <DCCReference Include="..\views\viewMessageForm.pas">
            <Form>viewMessage</Form>
            <FormType>dfm</FormType>
        </DCCReference>
        <DCCReference Include="..\units\Camera\VFrames.pas"/>
        <DCCReference Include="..\units\Camera\VSample.pas"/>
        <DCCReference Include="..\units\Camera\MainCamera.pas">
            <Form>fichaMainCamera</Form>
            <FormType>dfm</FormType>
        </DCCReference>
        <DCCReference Include="..\units\Camera\DirectX\Direct3D9.pas"/>
        <DCCReference Include="..\units\Camera\DirectX\DirectDraw.pas"/>
        <DCCReference Include="..\units\Camera\DirectX\DirectShow9.pas"/>
        <DCCReference Include="..\units\Camera\DirectX\DirectSound.pas"/>
        <DCCReference Include="..\units\Camera\DirectX\DXTypes.pas"/>
        <DCCReference Include="..\units\relatorios\DMRelatorio.pas">
            <Form>DMReport</Form>
            <FormType>dfm</FormType>
            <DesignClass>TDataModule</DesignClass>
        </DCCReference>
        <DCCReference Include="..\mvc\views\browser.AtividadesEncerradas.pas"/>
        <DCCReference Include="..\mvc\views\frame.AtividadesEntrada.pas">
            <Form>frameAtividadesEntrada</Form>
            <FormType>dfm</FormType>
            <DesignClass>TFrame</DesignClass>
        </DCCReference>
        <DCCReference Include="..\mvc\views\ficha.AtividadesEntrada.pas"/>
        <DCCReference Include="..\..\WlickORM\bases\ORM.DataBaseManager.pas"/>
        <DCCReference Include="..\units\WLick.DataBaseManager.pas"/>
        <DCCReference Include="..\mvc\enum\enum.Usuarios.NivelAcesso.pas"/>
        <DCCReference Include="..\units\relatorios\Relatorio.Parametros.RelatorioGerencialFicha.pas">
            <Form>fichaRelatorioGerencial</Form>
            <FormType>dfm</FormType>
        </DCCReference>
        <DCCReference Include="..\..\WlickORM\bases\FichaToolBackupRestore.pas">
            <Form>fichaBackupRestore</Form>
            <FormType>dfm</FormType>
        </DCCReference>
        <BuildConfiguration Include="Release">
            <Key>Cfg_2</Key>
            <CfgParent>Base</CfgParent>
        </BuildConfiguration>
        <BuildConfiguration Include="Base">
            <Key>Base</Key>
        </BuildConfiguration>
        <BuildConfiguration Include="Debug">
            <Key>Cfg_1</Key>
            <CfgParent>Base</CfgParent>
        </BuildConfiguration>
    </ItemGroup>
    <ProjectExtensions>
        <Borland.Personality>Delphi.Personality.12</Borland.Personality>
        <Borland.ProjectType>Application</Borland.ProjectType>
        <BorlandProject>
            <Delphi.Personality>
                <Source>
                    <Source Name="MainSource">ControleBrinquedoteca.dpr</Source>
                </Source>
                <Excluded_Packages>
                    <Excluded_Packages Name="C:\Users\Public\Documents\Embarcadero\Studio\18.0\Bpl\dclcxPivotGridOLAPRS24.bpl">ExpressPivotGrid OLAP by Developer Express Inc.</Excluded_Packages>
                    <Excluded_Packages Name="$(BDSBIN)\dcloffice2k240.bpl">Microsoft Office 2000 Sample Automation Server Wrapper Components</Excluded_Packages>
                    <Excluded_Packages Name="$(BDSBIN)\dclofficexp240.bpl">Microsoft Office XP Sample Automation Server Wrapper Components</Excluded_Packages>
                </Excluded_Packages>
            </Delphi.Personality>
            <Deployment Version="3">
                <DeployFile LocalName="C:\Weblick\Brinquedao\ControleBrinquedoteca.exe" Configuration="Debug" Class="ProjectOutput">
                    <Platform Name="Win32">
                        <RemoteName>ControleBrinquedoteca.exe</RemoteName>
                        <Overwrite>true</Overwrite>
                    </Platform>
                </DeployFile>
                <DeployClass Name="ProjectiOSDeviceResourceRules">
                    <Platform Name="iOSDevice64">
                        <Operation>1</Operation>
                    </Platform>
                    <Platform Name="iOSDevice32">
                        <Operation>1</Operation>
                    </Platform>
                </DeployClass>
                <DeployClass Name="ProjectOSXResource">
                    <Platform Name="OSX32">
                        <RemoteDir>Contents\Resources</RemoteDir>
                        <Operation>1</Operation>
                    </Platform>
                </DeployClass>
                <DeployClass Name="AndroidClassesDexFile">
                    <Platform Name="Android">
                        <RemoteDir>classes</RemoteDir>
                        <Operation>1</Operation>
                    </Platform>
                </DeployClass>
                <DeployClass Name="AdditionalDebugSymbols">
                    <Platform Name="Win32">
                        <RemoteDir>Contents\MacOS</RemoteDir>
                        <Operation>0</Operation>
                    </Platform>
                    <Platform Name="iOSSimulator">
                        <Operation>1</Operation>
                    </Platform>
                    <Platform Name="OSX32">
                        <RemoteDir>Contents\MacOS</RemoteDir>
                        <Operation>1</Operation>
                    </Platform>
                </DeployClass>
                <DeployClass Name="iPad_Launch768">
                    <Platform Name="iOSSimulator">
                        <Operation>1</Operation>
                    </Platform>
                    <Platform Name="iOSDevice64">
                        <Operation>1</Operation>
                    </Platform>
                    <Platform Name="iOSDevice32">
                        <Operation>1</Operation>
                    </Platform>
                </DeployClass>
                <DeployClass Name="Android_LauncherIcon144">
                    <Platform Name="Android">
                        <RemoteDir>res\drawable-xxhdpi</RemoteDir>
                        <Operation>1</Operation>
                    </Platform>
                </DeployClass>
                <DeployClass Name="AndroidLibnativeMipsFile">
                    <Platform Name="Android">
                        <RemoteDir>library\lib\mips</RemoteDir>
                        <Operation>1</Operation>
                    </Platform>
                </DeployClass>
                <DeployClass Required="true" Name="ProjectOutput">
                    <Platform Name="iOSDevice64">
                        <Operation>1</Operation>
                    </Platform>
                    <Platform Name="iOSDevice32">
                        <Operation>1</Operation>
                    </Platform>
                    <Platform Name="Win32">
                        <Operation>0</Operation>
                    </Platform>
                    <Platform Name="Linux64">
                        <Operation>1</Operation>
                    </Platform>
                    <Platform Name="OSX32">
                        <RemoteDir>Contents\MacOS</RemoteDir>
                        <Operation>1</Operation>
                    </Platform>
                    <Platform Name="Android">
                        <RemoteDir>library\lib\armeabi-v7a</RemoteDir>
                        <Operation>1</Operation>
                    </Platform>
                    <Platform Name="iOSSimulator">
                        <Operation>1</Operation>
                    </Platform>
                </DeployClass>
                <DeployClass Name="DependencyFramework">
                    <Platform Name="Win32">
                        <Operation>0</Operation>
                    </Platform>
                    <Platform Name="OSX32">
                        <RemoteDir>Contents\MacOS</RemoteDir>
                        <Operation>1</Operation>
                        <Extensions>.framework</Extensions>
                    </Platform>
                </DeployClass>
                <DeployClass Name="iPhone_Launch640">
                    <Platform Name="iOSSimulator">
                        <Operation>1</Operation>
                    </Platform>
                    <Platform Name="iOSDevice64">
                        <Operation>1</Operation>
                    </Platform>
                    <Platform Name="iOSDevice32">
                        <Operation>1</Operation>
                    </Platform>
                </DeployClass>
                <DeployClass Name="iPad_Launch1024">
                    <Platform Name="iOSSimulator">
                        <Operation>1</Operation>
                    </Platform>
                    <Platform Name="iOSDevice64">
                        <Operation>1</Operation>
                    </Platform>
                    <Platform Name="iOSDevice32">
                        <Operation>1</Operation>
                    </Platform>
                </DeployClass>
                <DeployClass Name="ProjectiOSDeviceDebug">
                    <Platform Name="iOSDevice64">
                        <RemoteDir>..\$(PROJECTNAME).app.dSYM\Contents\Resources\DWARF</RemoteDir>
                        <Operation>1</Operation>
                    </Platform>
                    <Platform Name="iOSDevice32">
                        <RemoteDir>..\$(PROJECTNAME).app.dSYM\Contents\Resources\DWARF</RemoteDir>
                        <Operation>1</Operation>
                    </Platform>
                </DeployClass>
                <DeployClass Name="iPhone_Launch320">
                    <Platform Name="iOSSimulator">
                        <Operation>1</Operation>
                    </Platform>
                    <Platform Name="iOSDevice64">
                        <Operation>1</Operation>
                    </Platform>
                    <Platform Name="iOSDevice32">
                        <Operation>1</Operation>
                    </Platform>
                </DeployClass>
                <DeployClass Name="ProjectiOSInfoPList">
                    <Platform Name="iOSSimulator">
                        <Operation>1</Operation>
                    </Platform>
                    <Platform Name="iOSDevice64">
                        <Operation>1</Operation>
                    </Platform>
                    <Platform Name="iOSDevice32">
                        <Operation>1</Operation>
                    </Platform>
                </DeployClass>
                <DeployClass Name="AndroidLibnativeArmeabiFile">
                    <Platform Name="Android">
                        <RemoteDir>library\lib\armeabi</RemoteDir>
                        <Operation>1</Operation>
                    </Platform>
                </DeployClass>
                <DeployClass Name="DebugSymbols">
                    <Platform Name="Win32">
                        <Operation>0</Operation>
                    </Platform>
                    <Platform Name="iOSSimulator">
                        <Operation>1</Operation>
                    </Platform>
                    <Platform Name="OSX32">
                        <RemoteDir>Contents\MacOS</RemoteDir>
                        <Operation>1</Operation>
                    </Platform>
                </DeployClass>
                <DeployClass Name="iPad_Launch1536">
                    <Platform Name="iOSSimulator">
                        <Operation>1</Operation>
                    </Platform>
                    <Platform Name="iOSDevice64">
                        <Operation>1</Operation>
                    </Platform>
                    <Platform Name="iOSDevice32">
                        <Operation>1</Operation>
                    </Platform>
                </DeployClass>
                <DeployClass Name="Android_SplashImage470">
                    <Platform Name="Android">
                        <RemoteDir>res\drawable-normal</RemoteDir>
                        <Operation>1</Operation>
                    </Platform>
                </DeployClass>
                <DeployClass Name="Android_LauncherIcon96">
                    <Platform Name="Android">
                        <RemoteDir>res\drawable-xhdpi</RemoteDir>
                        <Operation>1</Operation>
                    </Platform>
                </DeployClass>
                <DeployClass Name="Android_SplashImage640">
                    <Platform Name="Android">
                        <RemoteDir>res\drawable-large</RemoteDir>
                        <Operation>1</Operation>
                    </Platform>
                </DeployClass>
                <DeployClass Name="iPhone_Launch640x1136">
                    <Platform Name="iOSSimulator">
                        <Operation>1</Operation>
                    </Platform>
                    <Platform Name="iOSDevice64">
                        <Operation>1</Operation>
                    </Platform>
                    <Platform Name="iOSDevice32">
                        <Operation>1</Operation>
                    </Platform>
                </DeployClass>
                <DeployClass Name="ProjectiOSEntitlements">
                    <Platform Name="iOSDevice64">
                        <RemoteDir>..\</RemoteDir>
                        <Operation>1</Operation>
                    </Platform>
                    <Platform Name="iOSDevice32">
                        <RemoteDir>..\</RemoteDir>
                        <Operation>1</Operation>
                    </Platform>
                </DeployClass>
                <DeployClass Name="Android_LauncherIcon72">
                    <Platform Name="Android">
                        <RemoteDir>res\drawable-hdpi</RemoteDir>
                        <Operation>1</Operation>
                    </Platform>
                </DeployClass>
                <DeployClass Name="AndroidGDBServer">
                    <Platform Name="Android">
                        <RemoteDir>library\lib\armeabi-v7a</RemoteDir>
                        <Operation>1</Operation>
                    </Platform>
                </DeployClass>
                <DeployClass Name="ProjectOSXInfoPList">
                    <Platform Name="OSX32">
                        <RemoteDir>Contents</RemoteDir>
                        <Operation>1</Operation>
                    </Platform>
                </DeployClass>
                <DeployClass Name="ProjectOSXEntitlements">
                    <Platform Name="OSX32">
                        <RemoteDir>..\</RemoteDir>
                        <Operation>1</Operation>
                    </Platform>
                </DeployClass>
                <DeployClass Name="iPad_Launch2048">
                    <Platform Name="iOSSimulator">
                        <Operation>1</Operation>
                    </Platform>
                    <Platform Name="iOSDevice64">
                        <Operation>1</Operation>
                    </Platform>
                    <Platform Name="iOSDevice32">
                        <Operation>1</Operation>
                    </Platform>
                </DeployClass>
                <DeployClass Name="AndroidSplashStyles">
                    <Platform Name="Android">
                        <RemoteDir>res\values</RemoteDir>
                        <Operation>1</Operation>
                    </Platform>
                </DeployClass>
                <DeployClass Name="Android_SplashImage426">
                    <Platform Name="Android">
                        <RemoteDir>res\drawable-small</RemoteDir>
                        <Operation>1</Operation>
                    </Platform>
                </DeployClass>
                <DeployClass Name="AndroidSplashImageDef">
                    <Platform Name="Android">
                        <RemoteDir>res\drawable</RemoteDir>
                        <Operation>1</Operation>
                    </Platform>
                </DeployClass>
                <DeployClass Name="ProjectiOSResource">
                    <Platform Name="iOSSimulator">
                        <Operation>1</Operation>
                    </Platform>
                    <Platform Name="iOSDevice64">
                        <Operation>1</Operation>
                    </Platform>
                    <Platform Name="iOSDevice32">
                        <Operation>1</Operation>
                    </Platform>
                </DeployClass>
                <DeployClass Name="ProjectAndroidManifest">
                    <Platform Name="Android">
                        <Operation>1</Operation>
                    </Platform>
                </DeployClass>
                <DeployClass Name="Android_DefaultAppIcon">
                    <Platform Name="Android">
                        <RemoteDir>res\drawable</RemoteDir>
                        <Operation>1</Operation>
                    </Platform>
                </DeployClass>
                <DeployClass Name="File">
                    <Platform Name="Win32">
                        <Operation>0</Operation>
                    </Platform>
                    <Platform Name="iOSDevice64">
                        <Operation>0</Operation>
                    </Platform>
                    <Platform Name="OSX32">
                        <RemoteDir>Contents\Resources\StartUp\</RemoteDir>
                        <Operation>0</Operation>
                    </Platform>
                    <Platform Name="iOSDevice32">
                        <Operation>0</Operation>
                    </Platform>
                    <Platform Name="Android">
                        <Operation>0</Operation>
                    </Platform>
                    <Platform Name="iOSSimulator">
                        <Operation>0</Operation>
                    </Platform>
                </DeployClass>
                <DeployClass Name="AndroidServiceOutput">
                    <Platform Name="Android">
                        <RemoteDir>library\lib\armeabi-v7a</RemoteDir>
                        <Operation>1</Operation>
                    </Platform>
                </DeployClass>
                <DeployClass Required="true" Name="DependencyPackage">
                    <Platform Name="Win32">
                        <Operation>0</Operation>
                        <Extensions>.bpl</Extensions>
                    </Platform>
                    <Platform Name="iOSDevice64">
                        <Operation>1</Operation>
                        <Extensions>.dylib</Extensions>
                    </Platform>
                    <Platform Name="OSX32">
                        <RemoteDir>Contents\MacOS</RemoteDir>
                        <Operation>1</Operation>
                        <Extensions>.dylib</Extensions>
                    </Platform>
                    <Platform Name="iOSDevice32">
                        <Operation>1</Operation>
                        <Extensions>.dylib</Extensions>
                    </Platform>
                    <Platform Name="iOSSimulator">
                        <Operation>1</Operation>
                        <Extensions>.dylib</Extensions>
                    </Platform>
                </DeployClass>
                <DeployClass Name="Android_LauncherIcon48">
                    <Platform Name="Android">
                        <RemoteDir>res\drawable-mdpi</RemoteDir>
                        <Operation>1</Operation>
                    </Platform>
                </DeployClass>
                <DeployClass Name="Android_SplashImage960">
                    <Platform Name="Android">
                        <RemoteDir>res\drawable-xlarge</RemoteDir>
                        <Operation>1</Operation>
                    </Platform>
                </DeployClass>
                <DeployClass Name="Android_LauncherIcon36">
                    <Platform Name="Android">
                        <RemoteDir>res\drawable-ldpi</RemoteDir>
                        <Operation>1</Operation>
                    </Platform>
                </DeployClass>
                <DeployClass Name="DependencyModule">
                    <Platform Name="Win32">
                        <Operation>0</Operation>
                        <Extensions>.dll;.bpl</Extensions>
                    </Platform>
                    <Platform Name="iOSDevice64">
                        <Operation>1</Operation>
                        <Extensions>.dylib</Extensions>
                    </Platform>
                    <Platform Name="OSX32">
                        <RemoteDir>Contents\MacOS</RemoteDir>
                        <Operation>1</Operation>
                        <Extensions>.dylib</Extensions>
                    </Platform>
                    <Platform Name="iOSDevice32">
                        <Operation>1</Operation>
                        <Extensions>.dylib</Extensions>
                    </Platform>
                    <Platform Name="iOSSimulator">
                        <Operation>1</Operation>
                        <Extensions>.dylib</Extensions>
                    </Platform>
                </DeployClass>
                <ProjectRoot Platform="iOSDevice64" Name="$(PROJECTNAME).app"/>
                <ProjectRoot Platform="Win64" Name="$(PROJECTNAME)"/>
                <ProjectRoot Platform="iOSDevice32" Name="$(PROJECTNAME).app"/>
                <ProjectRoot Platform="Linux64" Name="$(PROJECTNAME)"/>
                <ProjectRoot Platform="Win32" Name="$(PROJECTNAME)"/>
                <ProjectRoot Platform="OSX32" Name="$(PROJECTNAME).app"/>
                <ProjectRoot Platform="Android" Name="$(PROJECTNAME)"/>
                <ProjectRoot Platform="iOSSimulator" Name="$(PROJECTNAME).app"/>
            </Deployment>
            <Platforms>
                <Platform value="Win32">True</Platform>
                <Platform value="Win64">False</Platform>
            </Platforms>
        </BorlandProject>
        <ProjectFileVersion>12</ProjectFileVersion>
    </ProjectExtensions>
    <Import Project="$(BDS)\Bin\CodeGear.Delphi.Targets" Condition="Exists('$(BDS)\Bin\CodeGear.Delphi.Targets')"/>
    <Import Project="$(APPDATA)\Embarcadero\$(BDSAPPDATABASEDIR)\$(PRODUCTVERSION)\UserTools.proj" Condition="Exists('$(APPDATA)\Embarcadero\$(BDSAPPDATABASEDIR)\$(PRODUCTVERSION)\UserTools.proj')"/>
    <Import Project="$(MSBuildProjectName).deployproj" Condition="Exists('$(MSBuildProjectName).deployproj')"/>
</Project>
